
Microsoft Visual Studio Solution File, Format Version 12.00
# Visual Studio Version 17
VisualStudioVersion = 17.7.34009.444
MinimumVisualStudioVersion = 10.0.40219.1
Project("{FAE04EC0-301F-11D3-BF4B-00C04F79EFBC}") = "Uzduotis2.1switch", "Uzduotis2.1switch.csproj", "{4D50E251-0280-484C-BCFF-DA79027C6233}"
EndProject
Global
	GlobalSection(SolutionConfigurationPlatforms) = preSolution
		Debug|Any CPU = Debug|Any CPU
		Release|Any CPU = Release|Any CPU
	EndGlobalSection
	GlobalSection(ProjectConfigurationPlatforms) = postSolution
		{4D50E251-0280-484C-BCFF-DA79027C6233}.Debug|Any CPU.ActiveCfg = Debug|Any CPU
		{4D50E251-0280-484C-BCFF-DA79027C6233}.Debug|Any CPU.Build.0 = Debug|Any CPU
		{4D50E251-0280-484C-BCFF-DA79027C6233}.Release|Any CPU.ActiveCfg = Release|Any CPU
		{4D50E251-0280-484C-BCFF-DA79027C6233}.Release|Any CPU.Build.0 = Release|Any CPU
	EndGlobalSection
	GlobalSection(SolutionProperties) = preSolution
		HideSolutionNode = FALSE
	EndGlobalSection
	GlobalSection(ExtensibilityGlobals) = postSolution
		SolutionGuid = {9208A169-3640-4BFE-8518-DC8A6D885DB2}
	EndGlobalSection
EndGlobal
